
Microsoft Visual Studio Solution File, Format Version 12.00
# Visual Studio Version 17
VisualStudioVersion = 17.2.32630.192
MinimumVisualStudioVersion = 10.0.40219.1
Project("{9A19103F-16F7-4668-BE54-9A1E7A4F7556}") = "R5T.F0144", "R5T.F0144\R5T.F0144.csproj", "{1A78A559-FA7A-4A4D-A060-E9EDD3734C13}"
EndProject
Project("{2150E333-8FDC-42A3-9474-1A3956D46DE8}") = "_Dependencies", "_Dependencies", "{292431BA-6FD7-42CC-9BF4-441D3B04A6BB}"
EndProject
Project("{9A19103F-16F7-4668-BE54-9A1E7A4F7556}") = "R5T.NG0024", "..\..\R5T.NG0024\source\R5T.NG0024\R5T.NG0024.csproj", "{2C6C94F6-FB46-497F-B33A-8B4BA16F2E6D}"
EndProject
Project("{9A19103F-16F7-4668-BE54-9A1E7A4F7556}") = "R5T.T0132", "..\..\R5T.T0132\source\R5T.T0132\R5T.T0132.csproj", "{178B6529-768E-4BF4-81CF-4D0557118BA8}"
EndProject
Project("{9A19103F-16F7-4668-BE54-9A1E7A4F7556}") = "R5T.T0143", "..\..\R5T.T0143\source\R5T.T0143\R5T.T0143.csproj", "{699BDFEE-1DFA-4C38-935B-023C6A629277}"
EndProject
Project("{9A19103F-16F7-4668-BE54-9A1E7A4F7556}") = "R5T.F0028", "..\..\R5T.F0028\source\R5T.F0028\R5T.F0028.csproj", "{682C1D46-AF38-4B1E-B95B-3403426B4B49}"
EndProject
Project("{9A19103F-16F7-4668-BE54-9A1E7A4F7556}") = "R5T.L0066", "..\..\R5T.L0066\source\R5T.L0066\R5T.L0066.csproj", "{39DDAAC2-47B4-41B0-BDD1-3ED6A1C3392F}"
EndProject
Project("{9A19103F-16F7-4668-BE54-9A1E7A4F7556}") = "R5T.NG0002", "..\..\R5T.NG0002\source\R5T.NG0002\R5T.NG0002.csproj", "{95FDFCC9-225D-4FD1-8576-A746F458D874}"
EndProject
Project("{9A19103F-16F7-4668-BE54-9A1E7A4F7556}") = "R5T.T0131", "..\..\R5T.T0131\source\R5T.T0131\R5T.T0131.csproj", "{DF9B38A6-E00F-4C6D-A097-0E828AAFBAD6}"
EndProject
Project("{9A19103F-16F7-4668-BE54-9A1E7A4F7556}") = "R5T.T0142", "..\..\R5T.T0142\source\R5T.T0142\R5T.T0142.csproj", "{15FE09CF-5234-458E-AADB-FA86A807D6D1}"
EndProject
Project("{9A19103F-16F7-4668-BE54-9A1E7A4F7556}") = "R5T.T0156", "..\..\R5T.T0156\source\R5T.T0156\R5T.T0156.csproj", "{B86B369D-8EE1-4DE4-8958-67DC124A025C}"
EndProject
Project("{9A19103F-16F7-4668-BE54-9A1E7A4F7556}") = "R5T.Y0006", "..\..\R5T.Y0006\source\R5T.Y0006\R5T.Y0006.csproj", "{1158AE40-4273-4D20-B362-850D356113CD}"
EndProject
Global
	GlobalSection(NestedProjects) = preSolution
		{2C6C94F6-FB46-497F-B33A-8B4BA16F2E6D} = {292431BA-6FD7-42CC-9BF4-441D3B04A6BB}
		{178B6529-768E-4BF4-81CF-4D0557118BA8} = {292431BA-6FD7-42CC-9BF4-441D3B04A6BB}
		{699BDFEE-1DFA-4C38-935B-023C6A629277} = {292431BA-6FD7-42CC-9BF4-441D3B04A6BB}
		{682C1D46-AF38-4B1E-B95B-3403426B4B49} = {292431BA-6FD7-42CC-9BF4-441D3B04A6BB}
		{39DDAAC2-47B4-41B0-BDD1-3ED6A1C3392F} = {292431BA-6FD7-42CC-9BF4-441D3B04A6BB}
		{95FDFCC9-225D-4FD1-8576-A746F458D874} = {292431BA-6FD7-42CC-9BF4-441D3B04A6BB}
		{DF9B38A6-E00F-4C6D-A097-0E828AAFBAD6} = {292431BA-6FD7-42CC-9BF4-441D3B04A6BB}
		{15FE09CF-5234-458E-AADB-FA86A807D6D1} = {292431BA-6FD7-42CC-9BF4-441D3B04A6BB}
		{B86B369D-8EE1-4DE4-8958-67DC124A025C} = {292431BA-6FD7-42CC-9BF4-441D3B04A6BB}
		{1158AE40-4273-4D20-B362-850D356113CD} = {292431BA-6FD7-42CC-9BF4-441D3B04A6BB}
	EndGlobalSection
	GlobalSection(SolutionConfigurationPlatforms) = preSolution
		Debug|Any CPU = Debug|Any CPU
		Release|Any CPU = Release|Any CPU
	EndGlobalSection
	GlobalSection(ProjectConfigurationPlatforms) = postSolution
		{1A78A559-FA7A-4A4D-A060-E9EDD3734C13}.Debug|Any CPU.ActiveCfg = Debug|Any CPU
		{1A78A559-FA7A-4A4D-A060-E9EDD3734C13}.Debug|Any CPU.Build.0 = Debug|Any CPU
		{1A78A559-FA7A-4A4D-A060-E9EDD3734C13}.Release|Any CPU.ActiveCfg = Release|Any CPU
		{1A78A559-FA7A-4A4D-A060-E9EDD3734C13}.Release|Any CPU.Build.0 = Release|Any CPU
		{2C6C94F6-FB46-497F-B33A-8B4BA16F2E6D}.Debug|Any CPU.ActiveCfg = Debug|Any CPU
		{2C6C94F6-FB46-497F-B33A-8B4BA16F2E6D}.Debug|Any CPU.Build.0 = Debug|Any CPU
		{2C6C94F6-FB46-497F-B33A-8B4BA16F2E6D}.Release|Any CPU.ActiveCfg = Release|Any CPU
		{2C6C94F6-FB46-497F-B33A-8B4BA16F2E6D}.Release|Any CPU.Build.0 = Release|Any CPU
		{178B6529-768E-4BF4-81CF-4D0557118BA8}.Debug|Any CPU.ActiveCfg = Debug|Any CPU
		{178B6529-768E-4BF4-81CF-4D0557118BA8}.Debug|Any CPU.Build.0 = Debug|Any CPU
		{178B6529-768E-4BF4-81CF-4D0557118BA8}.Release|Any CPU.ActiveCfg = Release|Any CPU
		{178B6529-768E-4BF4-81CF-4D0557118BA8}.Release|Any CPU.Build.0 = Release|Any CPU
		{699BDFEE-1DFA-4C38-935B-023C6A629277}.Debug|Any CPU.ActiveCfg = Debug|Any CPU
		{699BDFEE-1DFA-4C38-935B-023C6A629277}.Debug|Any CPU.Build.0 = Debug|Any CPU
		{699BDFEE-1DFA-4C38-935B-023C6A629277}.Release|Any CPU.ActiveCfg = Release|Any CPU
		{699BDFEE-1DFA-4C38-935B-023C6A629277}.Release|Any CPU.Build.0 = Release|Any CPU
		{682C1D46-AF38-4B1E-B95B-3403426B4B49}.Debug|Any CPU.ActiveCfg = Debug|Any CPU
		{682C1D46-AF38-4B1E-B95B-3403426B4B49}.Debug|Any CPU.Build.0 = Debug|Any CPU
		{682C1D46-AF38-4B1E-B95B-3403426B4B49}.Release|Any CPU.ActiveCfg = Release|Any CPU
		{682C1D46-AF38-4B1E-B95B-3403426B4B49}.Release|Any CPU.Build.0 = Release|Any CPU
		{39DDAAC2-47B4-41B0-BDD1-3ED6A1C3392F}.Debug|Any CPU.ActiveCfg = Debug|Any CPU
		{39DDAAC2-47B4-41B0-BDD1-3ED6A1C3392F}.Debug|Any CPU.Build.0 = Debug|Any CPU
		{39DDAAC2-47B4-41B0-BDD1-3ED6A1C3392F}.Release|Any CPU.ActiveCfg = Release|Any CPU
		{39DDAAC2-47B4-41B0-BDD1-3ED6A1C3392F}.Release|Any CPU.Build.0 = Release|Any CPU
		{95FDFCC9-225D-4FD1-8576-A746F458D874}.Debug|Any CPU.ActiveCfg = Debug|Any CPU
		{95FDFCC9-225D-4FD1-8576-A746F458D874}.Debug|Any CPU.Build.0 = Debug|Any CPU
		{95FDFCC9-225D-4FD1-8576-A746F458D874}.Release|Any CPU.ActiveCfg = Release|Any CPU
		{95FDFCC9-225D-4FD1-8576-A746F458D874}.Release|Any CPU.Build.0 = Release|Any CPU
		{DF9B38A6-E00F-4C6D-A097-0E828AAFBAD6}.Debug|Any CPU.ActiveCfg = Debug|Any CPU
		{DF9B38A6-E00F-4C6D-A097-0E828AAFBAD6}.Debug|Any CPU.Build.0 = Debug|Any CPU
		{DF9B38A6-E00F-4C6D-A097-0E828AAFBAD6}.Release|Any CPU.ActiveCfg = Release|Any CPU
		{DF9B38A6-E00F-4C6D-A097-0E828AAFBAD6}.Release|Any CPU.Build.0 = Release|Any CPU
		{15FE09CF-5234-458E-AADB-FA86A807D6D1}.Debug|Any CPU.ActiveCfg = Debug|Any CPU
		{15FE09CF-5234-458E-AADB-FA86A807D6D1}.Debug|Any CPU.Build.0 = Debug|Any CPU
		{15FE09CF-5234-458E-AADB-FA86A807D6D1}.Release|Any CPU.ActiveCfg = Release|Any CPU
		{15FE09CF-5234-458E-AADB-FA86A807D6D1}.Release|Any CPU.Build.0 = Release|Any CPU
		{B86B369D-8EE1-4DE4-8958-67DC124A025C}.Debug|Any CPU.ActiveCfg = Debug|Any CPU
		{B86B369D-8EE1-4DE4-8958-67DC124A025C}.Debug|Any CPU.Build.0 = Debug|Any CPU
		{B86B369D-8EE1-4DE4-8958-67DC124A025C}.Release|Any CPU.ActiveCfg = Release|Any CPU
		{B86B369D-8EE1-4DE4-8958-67DC124A025C}.Release|Any CPU.Build.0 = Release|Any CPU
		{1158AE40-4273-4D20-B362-850D356113CD}.Debug|Any CPU.ActiveCfg = Debug|Any CPU
		{1158AE40-4273-4D20-B362-850D356113CD}.Debug|Any CPU.Build.0 = Debug|Any CPU
		{1158AE40-4273-4D20-B362-850D356113CD}.Release|Any CPU.ActiveCfg = Release|Any CPU
		{1158AE40-4273-4D20-B362-850D356113CD}.Release|Any CPU.Build.0 = Release|Any CPU
	EndGlobalSection
	GlobalSection(SolutionProperties) = preSolution
		HideSolutionNode = FALSE
	EndGlobalSection
	GlobalSection(ExtensibilityGlobals) = postSolution
		SolutionGuid = {0E1C24CE-8513-454B-A3E7-77C3271F074A}
	EndGlobalSection
EndGlobal
